// !$*UTF8*$!
{
	archiveVersion = 1;
	classes = {
	};
	objectVersion = 46;
	objects = {

/* Begin PBXBuildFile section */
		69C4F9627B5EA21ADF56FC82 /* Pods.framework in Frameworks */ = {isa = PBXBuildFile; fileRef = E46645D6E344E7C8C31F1451 /* Pods.framework */; settings = {ATTRIBUTES = (Weak, ); }; };
		DDE67A611AB1896D0020EC91 /* AppDelegate.swift in Sources */ = {isa = PBXBuildFile; fileRef = DDE67A601AB1896D0020EC91 /* AppDelegate.swift */; };
		DDE67A631AB1896D0020EC91 /* ViewController.swift in Sources */ = {isa = PBXBuildFile; fileRef = DDE67A621AB1896D0020EC91 /* ViewController.swift */; };
		DDE67A661AB1896D0020EC91 /* Main.storyboard in Resources */ = {isa = PBXBuildFile; fileRef = DDE67A641AB1896D0020EC91 /* Main.storyboard */; };
		DDE67A681AB1896D0020EC91 /* Images.xcassets in Resources */ = {isa = PBXBuildFile; fileRef = DDE67A671AB1896D0020EC91 /* Images.xcassets */; };
		DDE67A6B1AB1896D0020EC91 /* LaunchScreen.xib in Resources */ = {isa = PBXBuildFile; fileRef = DDE67A691AB1896D0020EC91 /* LaunchScreen.xib */; };
		DDE67A771AB1896D0020EC91 /* GetDirectionTests.swift in Sources */ = {isa = PBXBuildFile; fileRef = DDE67A761AB1896D0020EC91 /* GetDirectionTests.swift */; };
/* End PBXBuildFile section */

/* Begin PBXContainerItemProxy section */
		DDE67A711AB1896D0020EC91 /* PBXContainerItemProxy */ = {
			isa = PBXContainerItemProxy;
			containerPortal = DDE67A531AB1896D0020EC91 /* Project object */;
			proxyType = 1;
			remoteGlobalIDString = DDE67A5A1AB1896D0020EC91;
			remoteInfo = GetDirection;
		};
/* End PBXContainerItemProxy section */

/* Begin PBXFileReference section */
		93E261FAD9A145DECE6FBCD1 /* Pods.debug.xcconfig */ = {isa = PBXFileReference; includeInIndex = 1; lastKnownFileType = text.xcconfig; name = Pods.debug.xcconfig; path = "Pods/Target Support Files/Pods/Pods.debug.xcconfig"; sourceTree = "<group>"; };
		DDE67A5B1AB1896D0020EC91 /* GetDirection.app */ = {isa = PBXFileReference; explicitFileType = wrapper.application; includeInIndex = 0; path = GetDirection.app; sourceTree = BUILT_PRODUCTS_DIR; };
		DDE67A5F1AB1896D0020EC91 /* Info.plist */ = {isa = PBXFileReference; lastKnownFileType = text.plist.xml; path = Info.plist; sourceTree = "<group>"; };
		DDE67A601AB1896D0020EC91 /* AppDelegate.swift */ = {isa = PBXFileReference; lastKnownFileType = sourcecode.swift; path = AppDelegate.swift; sourceTree = "<group>"; };
		DDE67A621AB1896D0020EC91 /* ViewController.swift */ = {isa = PBXFileReference; lastKnownFileType = sourcecode.swift; path = ViewController.swift; sourceTree = "<group>"; };
		DDE67A651AB1896D0020EC91 /* Base */ = {isa = PBXFileReference; lastKnownFileType = file.storyboard; name = Base; path = Base.lproj/Main.storyboard; sourceTree = "<group>"; };
		DDE67A671AB1896D0020EC91 /* Images.xcassets */ = {isa = PBXFileReference; lastKnownFileType = folder.assetcatalog; path = Images.xcassets; sourceTree = "<group>"; };
		DDE67A6A1AB1896D0020EC91 /* Base */ = {isa = PBXFileReference; lastKnownFileType = file.xib; name = Base; path = Base.lproj/LaunchScreen.xib; sourceTree = "<group>"; };
		DDE67A701AB1896D0020EC91 /* GetDirectionTests.xctest */ = {isa = PBXFileReference; explicitFileType = wrapper.cfbundle; includeInIndex = 0; path = GetDirectionTests.xctest; sourceTree = BUILT_PRODUCTS_DIR; };
		DDE67A751AB1896D0020EC91 /* Info.plist */ = {isa = PBXFileReference; lastKnownFileType = text.plist.xml; path = Info.plist; sourceTree = "<group>"; };
		DDE67A761AB1896D0020EC91 /* GetDirectionTests.swift */ = {isa = PBXFileReference; lastKnownFileType = sourcecode.swift; path = GetDirectionTests.swift; sourceTree = "<group>"; };
		DDE67A801AB18C910020EC91 /* Prefix-Header.h */ = {isa = PBXFileReference; lastKnownFileType = sourcecode.c.h; path = "Prefix-Header.h"; sourceTree = "<group>"; };
		E46645D6E344E7C8C31F1451 /* Pods.framework */ = {isa = PBXFileReference; explicitFileType = wrapper.framework; includeInIndex = 0; path = Pods.framework; sourceTree = BUILT_PRODUCTS_DIR; };
		F8848681EEDB16B7437C3115 /* Pods.release.xcconfig */ = {isa = PBXFileReference; includeInIndex = 1; lastKnownFileType = text.xcconfig; name = Pods.release.xcconfig; path = "Pods/Target Support Files/Pods/Pods.release.xcconfig"; sourceTree = "<group>"; };
/* End PBXFileReference section */

/* Begin PBXFrameworksBuildPhase section */
		DDE67A581AB1896D0020EC91 /* Frameworks */ = {
			isa = PBXFrameworksBuildPhase;
			buildActionMask = 2147483647;
			files = (
				69C4F9627B5EA21ADF56FC82 /* Pods.framework in Frameworks */,
			);
			runOnlyForDeploymentPostprocessing = 0;
		};
		DDE67A6D1AB1896D0020EC91 /* Frameworks */ = {
			isa = PBXFrameworksBuildPhase;
			buildActionMask = 2147483647;
			files = (
			);
			runOnlyForDeploymentPostprocessing = 0;
		};
/* End PBXFrameworksBuildPhase section */

/* Begin PBXGroup section */
		DDE67A521AB1896D0020EC91 = {
			isa = PBXGroup;
			children = (
				DDE67A5D1AB1896D0020EC91 /* GetDirection */,
				DDE67A731AB1896D0020EC91 /* GetDirectionTests */,
				DDE67A5C1AB1896D0020EC91 /* Products */,
				F5B13E65AAA59AE6E5637B9B /* Pods */,
				F2B8F0C693B2EBD81040DFCD /* Frameworks */,
			);
			sourceTree = "<group>";
		};
		DDE67A5C1AB1896D0020EC91 /* Products */ = {
			isa = PBXGroup;
			children = (
				DDE67A5B1AB1896D0020EC91 /* GetDirection.app */,
				DDE67A701AB1896D0020EC91 /* GetDirectionTests.xctest */,
			);
			name = Products;
			sourceTree = "<group>";
		};
		DDE67A5D1AB1896D0020EC91 /* GetDirection */ = {
			isa = PBXGroup;
			children = (
				DDE67A601AB1896D0020EC91 /* AppDelegate.swift */,
				DDE67A621AB1896D0020EC91 /* ViewController.swift */,
				DDE67A641AB1896D0020EC91 /* Main.storyboard */,
				DDE67A671AB1896D0020EC91 /* Images.xcassets */,
				DDE67A691AB1896D0020EC91 /* LaunchScreen.xib */,
				DDE67A5E1AB1896D0020EC91 /* Supporting Files */,
			);
			path = GetDirection;
			sourceTree = "<group>";
		};
		DDE67A5E1AB1896D0020EC91 /* Supporting Files */ = {
			isa = PBXGroup;
			children = (
				DDE67A5F1AB1896D0020EC91 /* Info.plist */,
				DDE67A801AB18C910020EC91 /* Prefix-Header.h */,
			);
			name = "Supporting Files";
			sourceTree = "<group>";
		};
		DDE67A731AB1896D0020EC91 /* GetDirectionTests */ = {
			isa = PBXGroup;
			children = (
				DDE67A761AB1896D0020EC91 /* GetDirectionTests.swift */,
				DDE67A741AB1896D0020EC91 /* Supporting Files */,
			);
			path = GetDirectionTests;
			sourceTree = "<group>";
		};
		DDE67A741AB1896D0020EC91 /* Supporting Files */ = {
			isa = PBXGroup;
			children = (
				DDE67A751AB1896D0020EC91 /* Info.plist */,
			);
			name = "Supporting Files";
			sourceTree = "<group>";
		};
		F2B8F0C693B2EBD81040DFCD /* Frameworks */ = {
			isa = PBXGroup;
			children = (
				E46645D6E344E7C8C31F1451 /* Pods.framework */,
			);
			name = Frameworks;
			sourceTree = "<group>";
		};
		F5B13E65AAA59AE6E5637B9B /* Pods */ = {
			isa = PBXGroup;
			children = (
				93E261FAD9A145DECE6FBCD1 /* Pods.debug.xcconfig */,
				F8848681EEDB16B7437C3115 /* Pods.release.xcconfig */,
			);
			name = Pods;
			sourceTree = "<group>";
		};
/* End PBXGroup section */

/* Begin PBXNativeTarget section */
		DDE67A5A1AB1896D0020EC91 /* GetDirection */ = {
			isa = PBXNativeTarget;
			buildConfigurationList = DDE67A7A1AB1896D0020EC91 /* Build configuration list for PBXNativeTarget "GetDirection" */;
			buildPhases = (
				F5FE41DE4344D0279E707261 /* Check Pods Manifest.lock */,
				DDE67A571AB1896D0020EC91 /* Sources */,
				DDE67A581AB1896D0020EC91 /* Frameworks */,
				DDE67A591AB1896D0020EC91 /* Resources */,
				B0177765B0342D75B4CEE3B4 /* Embed Pods Frameworks */,
				A453AF1E70454B85CC1A48B8 /* Copy Pods Resources */,
			);
			buildRules = (
			);
			dependencies = (
			);
			name = GetDirection;
			productName = GetDirection;
			productReference = DDE67A5B1AB1896D0020EC91 /* GetDirection.app */;
			productType = "com.apple.product-type.application";
		};
		DDE67A6F1AB1896D0020EC91 /* GetDirectionTests */ = {
			isa = PBXNativeTarget;
			buildConfigurationList = DDE67A7D1AB1896D0020EC91 /* Build configuration list for PBXNativeTarget "GetDirectionTests" */;
			buildPhases = (
				DDE67A6C1AB1896D0020EC91 /* Sources */,
				DDE67A6D1AB1896D0020EC91 /* Frameworks */,
				DDE67A6E1AB1896D0020EC91 /* Resources */,
			);
			buildRules = (
			);
			dependencies = (
				DDE67A721AB1896D0020EC91 /* PBXTargetDependency */,
			);
			name = GetDirectionTests;
			productName = GetDirectionTests;
			productReference = DDE67A701AB1896D0020EC91 /* GetDirectionTests.xctest */;
			productType = "com.apple.product-type.bundle.unit-test";
		};
/* End PBXNativeTarget section */

/* Begin PBXProject section */
		DDE67A531AB1896D0020EC91 /* Project object */ = {
			isa = PBXProject;
			attributes = {
				LastUpgradeCheck = 0610;
				ORGANIZATIONNAME = "Kiattisak Anoochitarom";
				TargetAttributes = {
					DDE67A5A1AB1896D0020EC91 = {
						CreatedOnToolsVersion = 6.1.1;
					};
					DDE67A6F1AB1896D0020EC91 = {
						CreatedOnToolsVersion = 6.1.1;
						TestTargetID = DDE67A5A1AB1896D0020EC91;
					};
				};
			};
			buildConfigurationList = DDE67A561AB1896D0020EC91 /* Build configuration list for PBXProject "GetDirection" */;
			compatibilityVersion = "Xcode 3.2";
			developmentRegion = English;
			hasScannedForEncodings = 0;
			knownRegions = (
				en,
				Base,
			);
			mainGroup = DDE67A521AB1896D0020EC91;
			productRefGroup = DDE67A5C1AB1896D0020EC91 /* Products */;
			projectDirPath = "";
			projectRoot = "";
			targets = (
				DDE67A5A1AB1896D0020EC91 /* GetDirection */,
				DDE67A6F1AB1896D0020EC91 /* GetDirectionTests */,
			);
		};
/* End PBXProject section */

/* Begin PBXResourcesBuildPhase section */
		DDE67A591AB1896D0020EC91 /* Resources */ = {
			isa = PBXResourcesBuildPhase;
			buildActionMask = 2147483647;
			files = (
				DDE67A661AB1896D0020EC91 /* Main.storyboard in Resources */,
				DDE67A6B1AB1896D0020EC91 /* LaunchScreen.xib in Resources */,
				DDE67A681AB1896D0020EC91 /* Images.xcassets in Resources */,
			);
			runOnlyForDeploymentPostprocessing = 0;
		};
		DDE67A6E1AB1896D0020EC91 /* Resources */ = {
			isa = PBXResourcesBuildPhase;
			buildActionMask = 2147483647;
			files = (
			);
			runOnlyForDeploymentPostprocessing = 0;
		};
/* End PBXResourcesBuildPhase section */

/* Begin PBXShellScriptBuildPhase section */
		A453AF1E70454B85CC1A48B8 /* Copy Pods Resources */ = {
			isa = PBXShellScriptBuildPhase;
			buildActionMask = 2147483647;
			files = (
			);
			inputPaths = (
			);
			name = "Copy Pods Resources";
			outputPaths = (
			);
			runOnlyForDeploymentPostprocessing = 0;
			shellPath = /bin/sh;
			shellScript = "\"${SRCROOT}/Pods/Target Support Files/Pods/Pods-resources.sh\"\n";
			showEnvVarsInLog = 0;
		};
		B0177765B0342D75B4CEE3B4 /* Embed Pods Frameworks */ = {
			isa = PBXShellScriptBuildPhase;
			buildActionMask = 2147483647;
			files = (
			);
			inputPaths = (
			);
			name = "Embed Pods Frameworks";
			outputPaths = (
			);
			runOnlyForDeploymentPostprocessing = 0;
			shellPath = /bin/sh;
			shellScript = "\"${SRCROOT}/Pods/Target Support Files/Pods/Pods-frameworks.sh\"\n";
			showEnvVarsInLog = 0;
		};
		F5FE41DE4344D0279E707261 /* Check Pods Manifest.lock */ = {
			isa = PBXShellScriptBuildPhase;
			buildActionMask = 2147483647;
			files = (
			);
			inputPaths = (
			);
			name = "Check Pods Manifest.lock";
			outputPaths = (
			);
			runOnlyForDeploymentPostprocessing = 0;
			shellPath = /bin/sh;
			shellScript = "diff \"${PODS_ROOT}/../Podfile.lock\" \"${PODS_ROOT}/Manifest.lock\" > /dev/null\nif [[ $? != 0 ]] ; then\n    cat << EOM\nerror: The sandbox is not in sync with the Podfile.lock. Run 'pod install' or update your CocoaPods installation.\nEOM\n    exit 1\nfi\n";
			showEnvVarsInLog = 0;
		};
/* End PBXShellScriptBuildPhase section */

/* Begin PBXSourcesBuildPhase section */
		DDE67A571AB1896D0020EC91 /* Sources */ = {
			isa = PBXSourcesBuildPhase;
			buildActionMask = 2147483647;
			files = (
				DDE67A631AB1896D0020EC91 /* ViewController.swift in Sources */,
				DDE67A611AB1896D0020EC91 /* AppDelegate.swift in Sources */,
			);
			runOnlyForDeploymentPostprocessing = 0;
		};
		DDE67A6C1AB1896D0020EC91 /* Sources */ = {
			isa = PBXSourcesBuildPhase;
			buildActionMask = 2147483647;
			files = (
				DDE67A771AB1896D0020EC91 /* GetDirectionTests.swift in Sources */,
			);
			runOnlyForDeploymentPostprocessing = 0;
		};
/* End PBXSourcesBuildPhase section */

/* Begin PBXTargetDependency section */
		DDE67A721AB1896D0020EC91 /* PBXTargetDependency */ = {
			isa = PBXTargetDependency;
			target = DDE67A5A1AB1896D0020EC91 /* GetDirection */;
			targetProxy = DDE67A711AB1896D0020EC91 /* PBXContainerItemProxy */;
		};
/* End PBXTargetDependency section */

/* Begin PBXVariantGroup section */
		DDE67A641AB1896D0020EC91 /* Main.storyboard */ = {
			isa = PBXVariantGroup;
			children = (
				DDE67A651AB1896D0020EC91 /* Base */,
			);
			name = Main.storyboard;
			sourceTree = "<group>";
		};
		DDE67A691AB1896D0020EC91 /* LaunchScreen.xib */ = {
			isa = PBXVariantGroup;
			children = (
				DDE67A6A1AB1896D0020EC91 /* Base */,
			);
			name = LaunchScreen.xib;
			sourceTree = "<group>";
		};
/* End PBXVariantGroup section */

/* Begin XCBuildConfiguration section */
		DDE67A781AB1896D0020EC91 /* Debug */ = {
			isa = XCBuildConfiguration;
			buildSettings = {
				ALWAYS_SEARCH_USER_PATHS = NO;
				CLANG_CXX_LANGUAGE_STANDARD = "gnu++0x";
				CLANG_CXX_LIBRARY = "libc++";
				CLANG_ENABLE_MODULES = YES;
				CLANG_ENABLE_OBJC_ARC = YES;
				CLANG_WARN_BOOL_CONVERSION = YES;
				CLANG_WARN_CONSTANT_CONVERSION = YES;
				CLANG_WARN_DIRECT_OBJC_ISA_USAGE = YES_ERROR;
				CLANG_WARN_EMPTY_BODY = YES;
				CLANG_WARN_ENUM_CONVERSION = YES;
				CLANG_WARN_INT_CONVERSION = YES;
				CLANG_WARN_OBJC_ROOT_CLASS = YES_ERROR;
				CLANG_WARN_UNREACHABLE_CODE = YES;
				CLANG_WARN__DUPLICATE_METHOD_MATCH = YES;
				"CODE_SIGN_IDENTITY[sdk=iphoneos*]" = "iPhone Developer";
				COPY_PHASE_STRIP = NO;
				ENABLE_STRICT_OBJC_MSGSEND = YES;
				GCC_C_LANGUAGE_STANDARD = gnu99;
				GCC_DYNAMIC_NO_PIC = NO;
				GCC_OPTIMIZATION_LEVEL = 0;
				GCC_PREPROCESSOR_DEFINITIONS = (
					"DEBUG=1",
					"$(inherited)",
				);
				GCC_SYMBOLS_PRIVATE_EXTERN = NO;
				GCC_WARN_64_TO_32_BIT_CONVERSION = YES;
				GCC_WARN_ABOUT_RETURN_TYPE = YES_ERROR;
				GCC_WARN_UNDECLARED_SELECTOR = YES;
				GCC_WARN_UNINITIALIZED_AUTOS = YES_AGGRESSIVE;
				GCC_WARN_UNUSED_FUNCTION = YES;
				GCC_WARN_UNUSED_VARIABLE = YES;
				IPHONEOS_DEPLOYMENT_TARGET = 8.1;
				MTL_ENABLE_DEBUG_INFO = YES;
				ONLY_ACTIVE_ARCH = YES;
				SDKROOT = iphoneos;
				SWIFT_OPTIMIZATION_LEVEL = "-Onone";
			};
			name = Debug;
		};
		DDE67A791AB1896D0020EC91 /* Release */ = {
			isa = XCBuildConfiguration;
			buildSettings = {
				ALWAYS_SEARCH_USER_PATHS = NO;
				CLANG_CXX_LANGUAGE_STANDARD = "gnu++0x";
				CLANG_CXX_LIBRARY = "libc++";
				CLANG_ENABLE_MODULES = YES;
				CLANG_ENABLE_OBJC_ARC = YES;
				CLANG_WARN_BOOL_CONVERSION = YES;
				CLANG_WARN_CONSTANT_CONVERSION = YES;
				CLANG_WARN_DIRECT_OBJC_ISA_USAGE = YES_ERROR;
				CLANG_WARN_EMPTY_BODY = YES;
				CLANG_WARN_ENUM_CONVERSION = YES;
				CLANG_WARN_INT_CONVERSION = YES;
				CLANG_WARN_OBJC_ROOT_CLASS = YES_ERROR;
				CLANG_WARN_UNREACHABLE_CODE = YES;
				CLANG_WARN__DUPLICATE_METHOD_MATCH = YES;
				"CODE_SIGN_IDENTITY[sdk=iphoneos*]" = "iPhone Developer";
				COPY_PHASE_STRIP = YES;
				ENABLE_NS_ASSERTIONS = NO;
				ENABLE_STRICT_OBJC_MSGSEND = YES;
				GCC_C_LANGUAGE_STANDARD = gnu99;
				GCC_WARN_64_TO_32_BIT_CONVERSION = YES;
				GCC_WARN_ABOUT_RETURN_TYPE = YES_ERROR;
				GCC_WARN_UNDECLARED_SELECTOR = YES;
				GCC_WARN_UNINITIALIZED_AUTOS = YES_AGGRESSIVE;
				GCC_WARN_UNUSED_FUNCTION = YES;
				GCC_WARN_UNUSED_VARIABLE = YES;
				IPHONEOS_DEPLOYMENT_TARGET = 8.1;
				MTL_ENABLE_DEBUG_INFO = NO;
				SDKROOT = iphoneos;
				VALIDATE_PRODUCT = YES;
			};
			name = Release;
		};
		DDE67A7B1AB1896D0020EC91 /* Debug */ = {
			isa = XCBuildConfiguration;
			baseConfigurationReference = 93E261FAD9A145DECE6FBCD1 /* Pods.debug.xcconfig */;
			buildSettings = {
				ASSETCATALOG_COMPILER_APPICON_NAME = AppIcon;
				GCC_PRECOMPILE_PREFIX_HEADER = YES;
				GCC_PREPROCESSOR_DEFINITIONS_NOT_USED_IN_PRECOMPS = "$SRCROOT/Prefix-Header.h";
				INFOPLIST_FILE = GetDirection/Info.plist;
				LD_RUNPATH_SEARCH_PATHS = "$(inherited) @executable_path/Frameworks";
				PRODUCT_NAME = "$(TARGET_NAME)";
			};
			name = Debug;
		};
		DDE67A7C1AB1896D0020EC91 /* Release */ = {
			isa = XCBuildConfiguration;
			baseConfigurationReference = F8848681EEDB16B7437C3115 /* Pods.release.xcconfig */;
			buildSettings = {
				ASSETCATALOG_COMPILER_APPICON_NAME = AppIcon;
				GCC_PRECOMPILE_PREFIX_HEADER = YES;
				GCC_PREPROCESSOR_DEFINITIONS_NOT_USED_IN_PRECOMPS = "$SRCROOT/Prefix-Header.h";
				INFOPLIST_FILE = GetDirection/Info.plist;
				LD_RUNPATH_SEARCH_PATHS = "$(inherited) @executable_path/Frameworks";
				PRODUCT_NAME = "$(TARGET_NAME)";
			};
			name = Release;
		};
		DDE67A7E1AB1896D0020EC91 /* Debug */ = {
			isa = XCBuildConfiguration;
			buildSettings = {
				BUNDLE_LOADER = "$(TEST_HOST)";
				FRAMEWORK_SEARCH_PATHS = (
					"$(SDKROOT)/Developer/Library/Frameworks",
					"$(inherited)",
				);
				GCC_PREPROCESSOR_DEFINITIONS = (
					"DEBUG=1",
					"$(inherited)",
				);
				INFOPLIST_FILE = GetDirectionTests/Info.plist;
				LD_RUNPATH_SEARCH_PATHS = "$(inherited) @executable_path/Frameworks @loader_path/Frameworks";
				PRODUCT_NAME = "$(TARGET_NAME)";
				TEST_HOST = "$(BUILT_PRODUCTS_DIR)/GetDirection.app/GetDirection";
			};
			name = Debug;
		};
		DDE67A7F1AB1896D0020EC91 /* Release */ = {
			isa = XCBuildConfiguration;
			buildSettings = {
				BUNDLE_LOADER = "$(TEST_HOST)";
				FRAMEWORK_SEARCH_PATHS = (
					"$(SDKROOT)/Developer/Library/Frameworks",
					"$(inherited)",
				);
				INFOPLIST_FILE = GetDirectionTests/Info.plist;
				LD_RUNPATH_SEARCH_PATHS = "$(inherited) @executable_path/Frameworks @loader_path/Frameworks";
				PRODUCT_NAME = "$(TARGET_NAME)";
				TEST_HOST = "$(BUILT_PRODUCTS_DIR)/GetDirection.app/GetDirection";
			};
			name = Release;
		};
/* End XCBuildConfiguration section */

/* Begin XCConfigurationList section */
		DDE67A561AB1896D0020EC91 /* Build configuration list for PBXProject "GetDirection" */ = {
			isa = XCConfigurationList;
			buildConfigurations = (
				DDE67A781AB1896D0020EC91 /* Debug */,
				DDE67A791AB1896D0020EC91 /* Release */,
			);
			defaultConfigurationIsVisible = 0;
			defaultConfigurationName = Release;
		};
		DDE67A7A1AB1896D0020EC91 /* Build configuration list for PBXNativeTarget "GetDirection" */ = {
			isa = XCConfigurationList;
			buildConfigurations = (
				DDE67A7B1AB1896D0020EC91 /* Debug */,
				DDE67A7C1AB1896D0020EC91 /* Release */,
			);
			defaultConfigurationIsVisible = 0;
			defaultConfigurationName = Release;
		};
		DDE67A7D1AB1896D0020EC91 /* Build configuration list for PBXNativeTarget "GetDirectionTests" */ = {
			isa = XCConfigurationList;
			buildConfigurations = (
				DDE67A7E1AB1896D0020EC91 /* Debug */,
				DDE67A7F1AB1896D0020EC91 /* Release */,
			);
			defaultConfigurationIsVisible = 0;
			defaultConfigurationName = Release;
		};
/* End XCConfigurationList section */
	};
	rootObject = DDE67A531AB1896D0020EC91 /* Project object */;
}
